lockfileVersion: '9.0'

settings:
  autoInstallPeers: true
  excludeLinksFromLockfile: false

importers:

  .:
    dependencies:
      framer-motion:
        specifier: ^12.23.25
        version: 12.23.25(react@19.2.1)
      lucide-react:
        specifier: ^0.556.0
        version: 0.556.0(react@19.2.1)

packages:

  framer-motion@12.23.25:
    resolution: {integrity: sha512-gUHGl2e4VG66jOcH0JHhuJQr6ZNwrET9g31ZG0xdXzT0CznP7fHX4P8Bcvuc4MiUB90ysNnWX2ukHRIggkl6hQ==}
    peerDependencies:
      '@emotion/is-prop-valid': '*'
      react: ^18.0.0 || ^19.0.0
      react-dom: ^18.0.0 || ^19.0.0
    peerDependenciesMeta:
      '@emotion/is-prop-valid':
        optional: true
      react:
        optional: true
      react-dom:
        optional: true

  lucide-react@0.556.0:
    resolution: {integrity: sha512-iOb8dRk7kLaYBZhR2VlV1CeJGxChBgUthpSP8wom9jfj79qovgG6qcSdiy6vkoREKPnbUYzJsCn4o4PtG3Iy+A==}
    peerDependencies:
      react: ^16.5.1 || ^17.0.0 || ^18.0.0 || ^19.0.0

  motion-dom@12.23.23:
    resolution: {integrity: sha512-n5yolOs0TQQBRUFImrRfs/+6X4p3Q4n1dUEqt/H58Vx7OW6RF+foWEgmTVDhIWJIMXOuNNL0apKH2S16en9eiA==}

  motion-utils@12.23.6:
    resolution: {integrity: sha512-eAWoPgr4eFEOFfg2WjIsMoqJTW6Z8MTUCgn/GZ3VRpClWBdnbjryiA3ZSNLyxCTmCQx4RmYX6jX1iWHbenUPNQ==}

  react@19.2.1:
    resolution: {integrity: sha512-DGrYcCWK7tvYMnWh79yrPHt+vdx9tY+1gPZa7nJQtO/p8bLTDaHp4dzwEhQB7pZ4Xe3ok4XKuEPrVuc+wlpkmw==}
    engines: {node: '>=0.10.0'}

  tslib@2.8.1:
    resolution: {integrity: sha512-oJFu94HQb+KVduSUQL7wnpmqnfmLsOA/nAh6b6EH0wCEoK0/mPeXU6c3wKDV83MkOuHPRHtSXKKU99IBazS/2w==}

snapshots:

  framer-motion@12.23.25(react@19.2.1):
    dependencies:
      motion-dom: 12.23.23
      motion-utils: 12.23.6
      tslib: 2.8.1
    optionalDependencies:
      react: 19.2.1

  lucide-react@0.556.0(react@19.2.1):
    dependencies:
      react: 19.2.1

  motion-dom@12.23.23:
    dependencies:
      motion-utils: 12.23.6

  motion-utils@12.23.6: {}

  react@19.2.1: {}

  tslib@2.8.1: {}
